
Microsoft Visual Studio Solution File, Format Version 12.00
# Visual Studio Version 16
VisualStudioVersion = 16.0.30011.22
MinimumVisualStudioVersion = 10.0.40219.1
Project("{9A19103F-16F7-4668-BE54-9A1E7A4F7556}") = "TemplateFormattedConfiguration", "TemplateFormattedConfiguration\TemplateFormattedConfiguration.csproj", "{5C51890E-7ADA-42B1-9FB0-4787E8562525}"
EndProject
Project("{9A19103F-16F7-4668-BE54-9A1E7A4F7556}") = "TemplateFormattedConfiguration.Tests", "TemplateFormattedConfiguration.Tests\TemplateFormattedConfiguration.Tests.csproj", "{362C7836-9BD9-4CE7-99B1-25C896992F27}"
EndProject
Global
	GlobalSection(SolutionConfigurationPlatforms) = preSolution
		Debug|Any CPU = Debug|Any CPU
		Release|Any CPU = Release|Any CPU
	EndGlobalSection
	GlobalSection(ProjectConfigurationPlatforms) = postSolution
		{5C51890E-7ADA-42B1-9FB0-4787E8562525}.Debug|Any CPU.ActiveCfg = Debug|Any CPU
		{5C51890E-7ADA-42B1-9FB0-4787E8562525}.Debug|Any CPU.Build.0 = Debug|Any CPU
		{5C51890E-7ADA-42B1-9FB0-4787E8562525}.Release|Any CPU.ActiveCfg = Release|Any CPU
		{5C51890E-7ADA-42B1-9FB0-4787E8562525}.Release|Any CPU.Build.0 = Release|Any CPU
		{362C7836-9BD9-4CE7-99B1-25C896992F27}.Debug|Any CPU.ActiveCfg = Debug|Any CPU
		{362C7836-9BD9-4CE7-99B1-25C896992F27}.Debug|Any CPU.Build.0 = Debug|Any CPU
		{362C7836-9BD9-4CE7-99B1-25C896992F27}.Release|Any CPU.ActiveCfg = Release|Any CPU
		{362C7836-9BD9-4CE7-99B1-25C896992F27}.Release|Any CPU.Build.0 = Release|Any CPU
	EndGlobalSection
	GlobalSection(SolutionProperties) = preSolution
		HideSolutionNode = FALSE
	EndGlobalSection
	GlobalSection(ExtensibilityGlobals) = postSolution
		SolutionGuid = {11FF846A-4F7B-498B-9544-900E950315C8}
	EndGlobalSection
EndGlobal
